
Microsoft Visual Studio Solution File, Format Version 12.00
# Visual Studio Version 16
VisualStudioVersion = 16.0.30516.212
MinimumVisualStudioVersion = 15.0.26124.0
Project("{2150E333-8FDC-42A3-9474-1A3956D46DE8}") = "src", "src", "{731DBD75-E5A4-4CC3-943B-C5C611534FCC}"
EndProject
Project("{9A19103F-16F7-4668-BE54-9A1E7A4F7556}") = "Brimborium.Latrans.Medaitor", "src\Brimborium.Latrans.Medaitor\Brimborium.Latrans.Medaitor.csproj", "{55A66C19-992E-4E4D-B6EA-6B5EC4E139D1}"
EndProject
Project("{9A19103F-16F7-4668-BE54-9A1E7A4F7556}") = "Brimborium.Latrans.Contracts", "src\Brimborium.Latrans.Contracts\Brimborium.Latrans.Contracts.csproj", "{89ACB4E1-4E8A-4C1A-8E3A-D4663477C5BC}"
EndProject
Project("{9A19103F-16F7-4668-BE54-9A1E7A4F7556}") = "DemoWebApp", "src\DemoWebApp\DemoWebApp.csproj", "{16763585-5907-480E-88FD-F04685B25C77}"
EndProject
Project("{9A19103F-16F7-4668-BE54-9A1E7A4F7556}") = "DemoWebApp.Contracts", "src\DemoWebApp.Contracts\DemoWebApp.Contracts.csproj", "{C3BB9B05-5E0C-4CC2-85BA-3AF772F461A2}"
EndProject
Project("{9A19103F-16F7-4668-BE54-9A1E7A4F7556}") = "DemoWebApp.Logic", "src\DemoWebApp.Logic\DemoWebApp.Logic.csproj", "{187B9F75-9061-4A09-8670-8F0C2BA5F34F}"
EndProject
Project("{9A19103F-16F7-4668-BE54-9A1E7A4F7556}") = "DemoWebApp.Logic.Test", "src\DemoWebApp.Logic.Test\DemoWebApp.Logic.Test.csproj", "{007DA632-CBBB-40B8-B0D5-E13C84A986D4}"
EndProject
Project("{9A19103F-16F7-4668-BE54-9A1E7A4F7556}") = "Brimborium.Latrans.Medaitor.Test", "src\Brimborium.Latrans.Medaitor.Test\Brimborium.Latrans.Medaitor.Test.csproj", "{2AA4C511-46F5-4724-A2C5-488BC820B509}"
EndProject
Project("{9A19103F-16F7-4668-BE54-9A1E7A4F7556}") = "Brimborium.Latrans.Medaitor.AspNetCore", "src\Brimborium.Latrans.Medaitor.AspNetCore\Brimborium.Latrans.Medaitor.AspNetCore.csproj", "{F2E97A75-92F7-4E80-9D05-4B2AFDC7742C}"
EndProject
Project("{9A19103F-16F7-4668-BE54-9A1E7A4F7556}") = "Brimborium.Latrans.Medaitor.AspNetCore.Test", "src\Brimborium.Latrans.Medaitor.AspNetCore.Test\Brimborium.Latrans.Medaitor.AspNetCore.Test.csproj", "{FCAC356B-222F-49F7-9D3A-F5DE450405B4}"
EndProject
Project("{9A19103F-16F7-4668-BE54-9A1E7A4F7556}") = "Brimborium.Latrans.StoreageFASTER", "src\Brimborium.Latrans.StoreageFASTER\Brimborium.Latrans.StoreageFASTER.csproj", "{1F93A403-D3F7-4587-9752-9DF685995B43}"
EndProject
Project("{9A19103F-16F7-4668-BE54-9A1E7A4F7556}") = "Brimborium.Latrans.StoreageFASTER.Test", "src\Brimborium.Latrans.StoreageFASTER.Test\Brimborium.Latrans.StoreageFASTER.Test.csproj", "{2505ED7C-0031-4D25-8DD4-8366EE85FC67}"
EndProject
Project("{9A19103F-16F7-4668-BE54-9A1E7A4F7556}") = "Brimborium.Latrans.StoreageFASTERAzure", "src\Brimborium.Latrans.StoreageFASTERAzure\Brimborium.Latrans.StoreageFASTERAzure.csproj", "{9674D0AC-80E2-4B37-AAAE-DF76B94F75CE}"
EndProject
Project("{9A19103F-16F7-4668-BE54-9A1E7A4F7556}") = "Brimborium.Latrans.StoreageFASTERAzure.Test", "src\Brimborium.Latrans.StoreageFASTERAzure.Test\Brimborium.Latrans.StoreageFASTERAzure.Test.csproj", "{83B22D81-C457-493F-A1FC-76D869D736ED}"
EndProject
Project("{9A19103F-16F7-4668-BE54-9A1E7A4F7556}") = "Brimborium.Latrans.Utility", "src\Brimborium.Latrans.Utility\Brimborium.Latrans.Utility.csproj", "{673EF429-3785-41E8-9052-DE54CC4429DF}"
EndProject
Project("{9A19103F-16F7-4668-BE54-9A1E7A4F7556}") = "Brimborium.Latrans.Utility.Test", "src\Brimborium.Latrans.Utility.Test\Brimborium.Latrans.Utility.Test.csproj", "{3A7737FA-D3E3-4D58-9FED-8FCCF14A9E73}"
EndProject
Project("{9A19103F-16F7-4668-BE54-9A1E7A4F7556}") = "Brimborium.Latrans.Benchmark", "src\Brimborium.Latrans.Benchmark\Brimborium.Latrans.Benchmark.csproj", "{7E299104-F044-47B8-82EA-C43298056B30}"
EndProject
Project("{2150E333-8FDC-42A3-9474-1A3956D46DE8}") = "Solution Items", "Solution Items", "{007F26CD-DBC3-498A-A6FE-7322F5ECF30F}"
	ProjectSection(SolutionItems) = preProject
		README.md = README.md
	EndProjectSection
EndProject
Global
	GlobalSection(SolutionConfigurationPlatforms) = preSolution
		Debug|Any CPU = Debug|Any CPU
		Debug|x64 = Debug|x64
		Debug|x86 = Debug|x86
		Release|Any CPU = Release|Any CPU
		Release|x64 = Release|x64
		Release|x86 = Release|x86
	EndGlobalSection
	GlobalSection(ProjectConfigurationPlatforms) = postSolution
		{55A66C19-992E-4E4D-B6EA-6B5EC4E139D1}.Debug|Any CPU.ActiveCfg = Debug|Any CPU
		{55A66C19-992E-4E4D-B6EA-6B5EC4E139D1}.Debug|Any CPU.Build.0 = Debug|Any CPU
		{55A66C19-992E-4E4D-B6EA-6B5EC4E139D1}.Debug|x64.ActiveCfg = Debug|Any CPU
		{55A66C19-992E-4E4D-B6EA-6B5EC4E139D1}.Debug|x64.Build.0 = Debug|Any CPU
		{55A66C19-992E-4E4D-B6EA-6B5EC4E139D1}.Debug|x86.ActiveCfg = Debug|Any CPU
		{55A66C19-992E-4E4D-B6EA-6B5EC4E139D1}.Debug|x86.Build.0 = Debug|Any CPU
		{55A66C19-992E-4E4D-B6EA-6B5EC4E139D1}.Release|Any CPU.ActiveCfg = Release|Any CPU
		{55A66C19-992E-4E4D-B6EA-6B5EC4E139D1}.Release|Any CPU.Build.0 = Release|Any CPU
		{55A66C19-992E-4E4D-B6EA-6B5EC4E139D1}.Release|x64.ActiveCfg = Release|Any CPU
		{55A66C19-992E-4E4D-B6EA-6B5EC4E139D1}.Release|x64.Build.0 = Release|Any CPU
		{55A66C19-992E-4E4D-B6EA-6B5EC4E139D1}.Release|x86.ActiveCfg = Release|Any CPU
		{55A66C19-992E-4E4D-B6EA-6B5EC4E139D1}.Release|x86.Build.0 = Release|Any CPU
		{89ACB4E1-4E8A-4C1A-8E3A-D4663477C5BC}.Debug|Any CPU.ActiveCfg = Debug|Any CPU
		{89ACB4E1-4E8A-4C1A-8E3A-D4663477C5BC}.Debug|Any CPU.Build.0 = Debug|Any CPU
		{89ACB4E1-4E8A-4C1A-8E3A-D4663477C5BC}.Debug|x64.ActiveCfg = Debug|Any CPU
		{89ACB4E1-4E8A-4C1A-8E3A-D4663477C5BC}.Debug|x64.Build.0 = Debug|Any CPU
		{89ACB4E1-4E8A-4C1A-8E3A-D4663477C5BC}.Debug|x86.ActiveCfg = Debug|Any CPU
		{89ACB4E1-4E8A-4C1A-8E3A-D4663477C5BC}.Debug|x86.Build.0 = Debug|Any CPU
		{89ACB4E1-4E8A-4C1A-8E3A-D4663477C5BC}.Release|Any CPU.ActiveCfg = Release|Any CPU
		{89ACB4E1-4E8A-4C1A-8E3A-D4663477C5BC}.Release|Any CPU.Build.0 = Release|Any CPU
		{89ACB4E1-4E8A-4C1A-8E3A-D4663477C5BC}.Release|x64.ActiveCfg = Release|Any CPU
		{89ACB4E1-4E8A-4C1A-8E3A-D4663477C5BC}.Release|x64.Build.0 = Release|Any CPU
		{89ACB4E1-4E8A-4C1A-8E3A-D4663477C5BC}.Release|x86.ActiveCfg = Release|Any CPU
		{89ACB4E1-4E8A-4C1A-8E3A-D4663477C5BC}.Release|x86.Build.0 = Release|Any CPU
		{16763585-5907-480E-88FD-F04685B25C77}.Debug|Any CPU.ActiveCfg = Debug|Any CPU
		{16763585-5907-480E-88FD-F04685B25C77}.Debug|Any CPU.Build.0 = Debug|Any CPU
		{16763585-5907-480E-88FD-F04685B25C77}.Debug|x64.ActiveCfg = Debug|Any CPU
		{16763585-5907-480E-88FD-F04685B25C77}.Debug|x64.Build.0 = Debug|Any CPU
		{16763585-5907-480E-88FD-F04685B25C77}.Debug|x86.ActiveCfg = Debug|Any CPU
		{16763585-5907-480E-88FD-F04685B25C77}.Debug|x86.Build.0 = Debug|Any CPU
		{16763585-5907-480E-88FD-F04685B25C77}.Release|Any CPU.ActiveCfg = Release|Any CPU
		{16763585-5907-480E-88FD-F04685B25C77}.Release|Any CPU.Build.0 = Release|Any CPU
		{16763585-5907-480E-88FD-F04685B25C77}.Release|x64.ActiveCfg = Release|Any CPU
		{16763585-5907-480E-88FD-F04685B25C77}.Release|x64.Build.0 = Release|Any CPU
		{16763585-5907-480E-88FD-F04685B25C77}.Release|x86.ActiveCfg = Release|Any CPU
		{16763585-5907-480E-88FD-F04685B25C77}.Release|x86.Build.0 = Release|Any CPU
		{C3BB9B05-5E0C-4CC2-85BA-3AF772F461A2}.Debug|Any CPU.ActiveCfg = Debug|Any CPU
		{C3BB9B05-5E0C-4CC2-85BA-3AF772F461A2}.Debug|Any CPU.Build.0 = Debug|Any CPU
		{C3BB9B05-5E0C-4CC2-85BA-3AF772F461A2}.Debug|x64.ActiveCfg = Debug|Any CPU
		{C3BB9B05-5E0C-4CC2-85BA-3AF772F461A2}.Debug|x64.Build.0 = Debug|Any CPU
		{C3BB9B05-5E0C-4CC2-85BA-3AF772F461A2}.Debug|x86.ActiveCfg = Debug|Any CPU
		{C3BB9B05-5E0C-4CC2-85BA-3AF772F461A2}.Debug|x86.Build.0 = Debug|Any CPU
		{C3BB9B05-5E0C-4CC2-85BA-3AF772F461A2}.Release|Any CPU.ActiveCfg = Release|Any CPU
		{C3BB9B05-5E0C-4CC2-85BA-3AF772F461A2}.Release|Any CPU.Build.0 = Release|Any CPU
		{C3BB9B05-5E0C-4CC2-85BA-3AF772F461A2}.Release|x64.ActiveCfg = Release|Any CPU
		{C3BB9B05-5E0C-4CC2-85BA-3AF772F461A2}.Release|x64.Build.0 = Release|Any CPU
		{C3BB9B05-5E0C-4CC2-85BA-3AF772F461A2}.Release|x86.ActiveCfg = Release|Any CPU
		{C3BB9B05-5E0C-4CC2-85BA-3AF772F461A2}.Release|x86.Build.0 = Release|Any CPU
		{187B9F75-9061-4A09-8670-8F0C2BA5F34F}.Debug|Any CPU.ActiveCfg = Debug|Any CPU
		{187B9F75-9061-4A09-8670-8F0C2BA5F34F}.Debug|Any CPU.Build.0 = Debug|Any CPU
		{187B9F75-9061-4A09-8670-8F0C2BA5F34F}.Debug|x64.ActiveCfg = Debug|Any CPU
		{187B9F75-9061-4A09-8670-8F0C2BA5F34F}.Debug|x64.Build.0 = Debug|Any CPU
		{187B9F75-9061-4A09-8670-8F0C2BA5F34F}.Debug|x86.ActiveCfg = Debug|Any CPU
		{187B9F75-9061-4A09-8670-8F0C2BA5F34F}.Debug|x86.Build.0 = Debug|Any CPU
		{187B9F75-9061-4A09-8670-8F0C2BA5F34F}.Release|Any CPU.ActiveCfg = Release|Any CPU
		{187B9F75-9061-4A09-8670-8F0C2BA5F34F}.Release|Any CPU.Build.0 = Release|Any CPU
		{187B9F75-9061-4A09-8670-8F0C2BA5F34F}.Release|x64.ActiveCfg = Release|Any CPU
		{187B9F75-9061-4A09-8670-8F0C2BA5F34F}.Release|x64.Build.0 = Release|Any CPU
		{187B9F75-9061-4A09-8670-8F0C2BA5F34F}.Release|x86.ActiveCfg = Release|Any CPU
		{187B9F75-9061-4A09-8670-8F0C2BA5F34F}.Release|x86.Build.0 = Release|Any CPU
		{007DA632-CBBB-40B8-B0D5-E13C84A986D4}.Debug|Any CPU.ActiveCfg = Debug|Any CPU
		{007DA632-CBBB-40B8-B0D5-E13C84A986D4}.Debug|Any CPU.Build.0 = Debug|Any CPU
		{007DA632-CBBB-40B8-B0D5-E13C84A986D4}.Debug|x64.ActiveCfg = Debug|Any CPU
		{007DA632-CBBB-40B8-B0D5-E13C84A986D4}.Debug|x64.Build.0 = Debug|Any CPU
		{007DA632-CBBB-40B8-B0D5-E13C84A986D4}.Debug|x86.ActiveCfg = Debug|Any CPU
		{007DA632-CBBB-40B8-B0D5-E13C84A986D4}.Debug|x86.Build.0 = Debug|Any CPU
		{007DA632-CBBB-40B8-B0D5-E13C84A986D4}.Release|Any CPU.ActiveCfg = Release|Any CPU
		{007DA632-CBBB-40B8-B0D5-E13C84A986D4}.Release|Any CPU.Build.0 = Release|Any CPU
		{007DA632-CBBB-40B8-B0D5-E13C84A986D4}.Release|x64.ActiveCfg = Release|Any CPU
		{007DA632-CBBB-40B8-B0D5-E13C84A986D4}.Release|x64.Build.0 = Release|Any CPU
		{007DA632-CBBB-40B8-B0D5-E13C84A986D4}.Release|x86.ActiveCfg = Release|Any CPU
		{007DA632-CBBB-40B8-B0D5-E13C84A986D4}.Release|x86.Build.0 = Release|Any CPU
		{2AA4C511-46F5-4724-A2C5-488BC820B509}.Debug|Any CPU.ActiveCfg = Debug|Any CPU
		{2AA4C511-46F5-4724-A2C5-488BC820B509}.Debug|Any CPU.Build.0 = Debug|Any CPU
		{2AA4C511-46F5-4724-A2C5-488BC820B509}.Debug|x64.ActiveCfg = Debug|Any CPU
		{2AA4C511-46F5-4724-A2C5-488BC820B509}.Debug|x64.Build.0 = Debug|Any CPU
		{2AA4C511-46F5-4724-A2C5-488BC820B509}.Debug|x86.ActiveCfg = Debug|Any CPU
		{2AA4C511-46F5-4724-A2C5-488BC820B509}.Debug|x86.Build.0 = Debug|Any CPU
		{2AA4C511-46F5-4724-A2C5-488BC820B509}.Release|Any CPU.ActiveCfg = Release|Any CPU
		{2AA4C511-46F5-4724-A2C5-488BC820B509}.Release|Any CPU.Build.0 = Release|Any CPU
		{2AA4C511-46F5-4724-A2C5-488BC820B509}.Release|x64.ActiveCfg = Release|Any CPU
		{2AA4C511-46F5-4724-A2C5-488BC820B509}.Release|x64.Build.0 = Release|Any CPU
		{2AA4C511-46F5-4724-A2C5-488BC820B509}.Release|x86.ActiveCfg = Release|Any CPU
		{2AA4C511-46F5-4724-A2C5-488BC820B509}.Release|x86.Build.0 = Release|Any CPU
		{F2E97A75-92F7-4E80-9D05-4B2AFDC7742C}.Debug|Any CPU.ActiveCfg = Debug|Any CPU
		{F2E97A75-92F7-4E80-9D05-4B2AFDC7742C}.Debug|Any CPU.Build.0 = Debug|Any CPU
		{F2E97A75-92F7-4E80-9D05-4B2AFDC7742C}.Debug|x64.ActiveCfg = Debug|Any CPU
		{F2E97A75-92F7-4E80-9D05-4B2AFDC7742C}.Debug|x64.Build.0 = Debug|Any CPU
		{F2E97A75-92F7-4E80-9D05-4B2AFDC7742C}.Debug|x86.ActiveCfg = Debug|Any CPU
		{F2E97A75-92F7-4E80-9D05-4B2AFDC7742C}.Debug|x86.Build.0 = Debug|Any CPU
		{F2E97A75-92F7-4E80-9D05-4B2AFDC7742C}.Release|Any CPU.ActiveCfg = Release|Any CPU
		{F2E97A75-92F7-4E80-9D05-4B2AFDC7742C}.Release|Any CPU.Build.0 = Release|Any CPU
		{F2E97A75-92F7-4E80-9D05-4B2AFDC7742C}.Release|x64.ActiveCfg = Release|Any CPU
		{F2E97A75-92F7-4E80-9D05-4B2AFDC7742C}.Release|x64.Build.0 = Release|Any CPU
		{F2E97A75-92F7-4E80-9D05-4B2AFDC7742C}.Release|x86.ActiveCfg = Release|Any CPU
		{F2E97A75-92F7-4E80-9D05-4B2AFDC7742C}.Release|x86.Build.0 = Release|Any CPU
		{FCAC356B-222F-49F7-9D3A-F5DE450405B4}.Debug|Any CPU.ActiveCfg = Debug|Any CPU
		{FCAC356B-222F-49F7-9D3A-F5DE450405B4}.Debug|Any CPU.Build.0 = Debug|Any CPU
		{FCAC356B-222F-49F7-9D3A-F5DE450405B4}.Debug|x64.ActiveCfg = Debug|Any CPU
		{FCAC356B-222F-49F7-9D3A-F5DE450405B4}.Debug|x64.Build.0 = Debug|Any CPU
		{FCAC356B-222F-49F7-9D3A-F5DE450405B4}.Debug|x86.ActiveCfg = Debug|Any CPU
		{FCAC356B-222F-49F7-9D3A-F5DE450405B4}.Debug|x86.Build.0 = Debug|Any CPU
		{FCAC356B-222F-49F7-9D3A-F5DE450405B4}.Release|Any CPU.ActiveCfg = Release|Any CPU
		{FCAC356B-222F-49F7-9D3A-F5DE450405B4}.Release|Any CPU.Build.0 = Release|Any CPU
		{FCAC356B-222F-49F7-9D3A-F5DE450405B4}.Release|x64.ActiveCfg = Release|Any CPU
		{FCAC356B-222F-49F7-9D3A-F5DE450405B4}.Release|x64.Build.0 = Release|Any CPU
		{FCAC356B-222F-49F7-9D3A-F5DE450405B4}.Release|x86.ActiveCfg = Release|Any CPU
		{FCAC356B-222F-49F7-9D3A-F5DE450405B4}.Release|x86.Build.0 = Release|Any CPU
		{1F93A403-D3F7-4587-9752-9DF685995B43}.Debug|Any CPU.ActiveCfg = Debug|Any CPU
		{1F93A403-D3F7-4587-9752-9DF685995B43}.Debug|Any CPU.Build.0 = Debug|Any CPU
		{1F93A403-D3F7-4587-9752-9DF685995B43}.Debug|x64.ActiveCfg = Debug|Any CPU
		{1F93A403-D3F7-4587-9752-9DF685995B43}.Debug|x64.Build.0 = Debug|Any CPU
		{1F93A403-D3F7-4587-9752-9DF685995B43}.Debug|x86.ActiveCfg = Debug|Any CPU
		{1F93A403-D3F7-4587-9752-9DF685995B43}.Debug|x86.Build.0 = Debug|Any CPU
		{1F93A403-D3F7-4587-9752-9DF685995B43}.Release|Any CPU.ActiveCfg = Release|Any CPU
		{1F93A403-D3F7-4587-9752-9DF685995B43}.Release|Any CPU.Build.0 = Release|Any CPU
		{1F93A403-D3F7-4587-9752-9DF685995B43}.Release|x64.ActiveCfg = Release|Any CPU
		{1F93A403-D3F7-4587-9752-9DF685995B43}.Release|x64.Build.0 = Release|Any CPU
		{1F93A403-D3F7-4587-9752-9DF685995B43}.Release|x86.ActiveCfg = Release|Any CPU
		{1F93A403-D3F7-4587-9752-9DF685995B43}.Release|x86.Build.0 = Release|Any CPU
		{2505ED7C-0031-4D25-8DD4-8366EE85FC67}.Debug|Any CPU.ActiveCfg = Debug|Any CPU
		{2505ED7C-0031-4D25-8DD4-8366EE85FC67}.Debug|Any CPU.Build.0 = Debug|Any CPU
		{2505ED7C-0031-4D25-8DD4-8366EE85FC67}.Debug|x64.ActiveCfg = Debug|Any CPU
		{2505ED7C-0031-4D25-8DD4-8366EE85FC67}.Debug|x64.Build.0 = Debug|Any CPU
		{2505ED7C-0031-4D25-8DD4-8366EE85FC67}.Debug|x86.ActiveCfg = Debug|Any CPU
		{2505ED7C-0031-4D25-8DD4-8366EE85FC67}.Debug|x86.Build.0 = Debug|Any CPU
		{2505ED7C-0031-4D25-8DD4-8366EE85FC67}.Release|Any CPU.ActiveCfg = Release|Any CPU
		{2505ED7C-0031-4D25-8DD4-8366EE85FC67}.Release|Any CPU.Build.0 = Release|Any CPU
		{2505ED7C-0031-4D25-8DD4-8366EE85FC67}.Release|x64.ActiveCfg = Release|Any CPU
		{2505ED7C-0031-4D25-8DD4-8366EE85FC67}.Release|x64.Build.0 = Release|Any CPU
		{2505ED7C-0031-4D25-8DD4-8366EE85FC67}.Release|x86.ActiveCfg = Release|Any CPU
		{2505ED7C-0031-4D25-8DD4-8366EE85FC67}.Release|x86.Build.0 = Release|Any CPU
		{9674D0AC-80E2-4B37-AAAE-DF76B94F75CE}.Debug|Any CPU.ActiveCfg = Debug|Any CPU
		{9674D0AC-80E2-4B37-AAAE-DF76B94F75CE}.Debug|Any CPU.Build.0 = Debug|Any CPU
		{9674D0AC-80E2-4B37-AAAE-DF76B94F75CE}.Debug|x64.ActiveCfg = Debug|Any CPU
		{9674D0AC-80E2-4B37-AAAE-DF76B94F75CE}.Debug|x64.Build.0 = Debug|Any CPU
		{9674D0AC-80E2-4B37-AAAE-DF76B94F75CE}.Debug|x86.ActiveCfg = Debug|Any CPU
		{9674D0AC-80E2-4B37-AAAE-DF76B94F75CE}.Debug|x86.Build.0 = Debug|Any CPU
		{9674D0AC-80E2-4B37-AAAE-DF76B94F75CE}.Release|Any CPU.ActiveCfg = Release|Any CPU
		{9674D0AC-80E2-4B37-AAAE-DF76B94F75CE}.Release|Any CPU.Build.0 = Release|Any CPU
		{9674D0AC-80E2-4B37-AAAE-DF76B94F75CE}.Release|x64.ActiveCfg = Release|Any CPU
		{9674D0AC-80E2-4B37-AAAE-DF76B94F75CE}.Release|x64.Build.0 = Release|Any CPU
		{9674D0AC-80E2-4B37-AAAE-DF76B94F75CE}.Release|x86.ActiveCfg = Release|Any CPU
		{9674D0AC-80E2-4B37-AAAE-DF76B94F75CE}.Release|x86.Build.0 = Release|Any CPU
		{83B22D81-C457-493F-A1FC-76D869D736ED}.Debug|Any CPU.ActiveCfg = Debug|Any CPU
		{83B22D81-C457-493F-A1FC-76D869D736ED}.Debug|Any CPU.Build.0 = Debug|Any CPU
		{83B22D81-C457-493F-A1FC-76D869D736ED}.Debug|x64.ActiveCfg = Debug|Any CPU
		{83B22D81-C457-493F-A1FC-76D869D736ED}.Debug|x64.Build.0 = Debug|Any CPU
		{83B22D81-C457-493F-A1FC-76D869D736ED}.Debug|x86.ActiveCfg = Debug|Any CPU
		{83B22D81-C457-493F-A1FC-76D869D736ED}.Debug|x86.Build.0 = Debug|Any CPU
		{83B22D81-C457-493F-A1FC-76D869D736ED}.Release|Any CPU.ActiveCfg = Release|Any CPU
		{83B22D81-C457-493F-A1FC-76D869D736ED}.Release|Any CPU.Build.0 = Release|Any CPU
		{83B22D81-C457-493F-A1FC-76D869D736ED}.Release|x64.ActiveCfg = Release|Any CPU
		{83B22D81-C457-493F-A1FC-76D869D736ED}.Release|x64.Build.0 = Release|Any CPU
		{83B22D81-C457-493F-A1FC-76D869D736ED}.Release|x86.ActiveCfg = Release|Any CPU
		{83B22D81-C457-493F-A1FC-76D869D736ED}.Release|x86.Build.0 = Release|Any CPU
		{673EF429-3785-41E8-9052-DE54CC4429DF}.Debug|Any CPU.ActiveCfg = Debug|Any CPU
		{673EF429-3785-41E8-9052-DE54CC4429DF}.Debug|Any CPU.Build.0 = Debug|Any CPU
		{673EF429-3785-41E8-9052-DE54CC4429DF}.Debug|x64.ActiveCfg = Debug|Any CPU
		{673EF429-3785-41E8-9052-DE54CC4429DF}.Debug|x64.Build.0 = Debug|Any CPU
		{673EF429-3785-41E8-9052-DE54CC4429DF}.Debug|x86.ActiveCfg = Debug|Any CPU
		{673EF429-3785-41E8-9052-DE54CC4429DF}.Debug|x86.Build.0 = Debug|Any CPU
		{673EF429-3785-41E8-9052-DE54CC4429DF}.Release|Any CPU.ActiveCfg = Release|Any CPU
		{673EF429-3785-41E8-9052-DE54CC4429DF}.Release|Any CPU.Build.0 = Release|Any CPU
		{673EF429-3785-41E8-9052-DE54CC4429DF}.Release|x64.ActiveCfg = Release|Any CPU
		{673EF429-3785-41E8-9052-DE54CC4429DF}.Release|x64.Build.0 = Release|Any CPU
		{673EF429-3785-41E8-9052-DE54CC4429DF}.Release|x86.ActiveCfg = Release|Any CPU
		{673EF429-3785-41E8-9052-DE54CC4429DF}.Release|x86.Build.0 = Release|Any CPU
		{3A7737FA-D3E3-4D58-9FED-8FCCF14A9E73}.Debug|Any CPU.ActiveCfg = Debug|Any CPU
		{3A7737FA-D3E3-4D58-9FED-8FCCF14A9E73}.Debug|Any CPU.Build.0 = Debug|Any CPU
		{3A7737FA-D3E3-4D58-9FED-8FCCF14A9E73}.Debug|x64.ActiveCfg = Debug|Any CPU
		{3A7737FA-D3E3-4D58-9FED-8FCCF14A9E73}.Debug|x64.Build.0 = Debug|Any CPU
		{3A7737FA-D3E3-4D58-9FED-8FCCF14A9E73}.Debug|x86.ActiveCfg = Debug|Any CPU
		{3A7737FA-D3E3-4D58-9FED-8FCCF14A9E73}.Debug|x86.Build.0 = Debug|Any CPU
		{3A7737FA-D3E3-4D58-9FED-8FCCF14A9E73}.Release|Any CPU.ActiveCfg = Release|Any CPU
		{3A7737FA-D3E3-4D58-9FED-8FCCF14A9E73}.Release|Any CPU.Build.0 = Release|Any CPU
		{3A7737FA-D3E3-4D58-9FED-8FCCF14A9E73}.Release|x64.ActiveCfg = Release|Any CPU
		{3A7737FA-D3E3-4D58-9FED-8FCCF14A9E73}.Release|x64.Build.0 = Release|Any CPU
		{3A7737FA-D3E3-4D58-9FED-8FCCF14A9E73}.Release|x86.ActiveCfg = Release|Any CPU
		{3A7737FA-D3E3-4D58-9FED-8FCCF14A9E73}.Release|x86.Build.0 = Release|Any CPU
		{7E299104-F044-47B8-82EA-C43298056B30}.Debug|Any CPU.ActiveCfg = Debug|Any CPU
		{7E299104-F044-47B8-82EA-C43298056B30}.Debug|Any CPU.Build.0 = Debug|Any CPU
		{7E299104-F044-47B8-82EA-C43298056B30}.Debug|x64.ActiveCfg = Debug|Any CPU
		{7E299104-F044-47B8-82EA-C43298056B30}.Debug|x64.Build.0 = Debug|Any CPU
		{7E299104-F044-47B8-82EA-C43298056B30}.Debug|x86.ActiveCfg = Debug|Any CPU
		{7E299104-F044-47B8-82EA-C43298056B30}.Debug|x86.Build.0 = Debug|Any CPU
		{7E299104-F044-47B8-82EA-C43298056B30}.Release|Any CPU.ActiveCfg = Release|Any CPU
		{7E299104-F044-47B8-82EA-C43298056B30}.Release|Any CPU.Build.0 = Release|Any CPU
		{7E299104-F044-47B8-82EA-C43298056B30}.Release|x64.ActiveCfg = Release|Any CPU
		{7E299104-F044-47B8-82EA-C43298056B30}.Release|x64.Build.0 = Release|Any CPU
		{7E299104-F044-47B8-82EA-C43298056B30}.Release|x86.ActiveCfg = Release|Any CPU
		{7E299104-F044-47B8-82EA-C43298056B30}.Release|x86.Build.0 = Release|Any CPU
	EndGlobalSection
	GlobalSection(SolutionProperties) = preSolution
		HideSolutionNode = FALSE
	EndGlobalSection
	GlobalSection(NestedProjects) = preSolution
		{55A66C19-992E-4E4D-B6EA-6B5EC4E139D1} = {731DBD75-E5A4-4CC3-943B-C5C611534FCC}
		{89ACB4E1-4E8A-4C1A-8E3A-D4663477C5BC} = {731DBD75-E5A4-4CC3-943B-C5C611534FCC}
		{16763585-5907-480E-88FD-F04685B25C77} = {731DBD75-E5A4-4CC3-943B-C5C611534FCC}
		{C3BB9B05-5E0C-4CC2-85BA-3AF772F461A2} = {731DBD75-E5A4-4CC3-943B-C5C611534FCC}
		{187B9F75-9061-4A09-8670-8F0C2BA5F34F} = {731DBD75-E5A4-4CC3-943B-C5C611534FCC}
		{007DA632-CBBB-40B8-B0D5-E13C84A986D4} = {731DBD75-E5A4-4CC3-943B-C5C611534FCC}
		{2AA4C511-46F5-4724-A2C5-488BC820B509} = {731DBD75-E5A4-4CC3-943B-C5C611534FCC}
		{F2E97A75-92F7-4E80-9D05-4B2AFDC7742C} = {731DBD75-E5A4-4CC3-943B-C5C611534FCC}
		{FCAC356B-222F-49F7-9D3A-F5DE450405B4} = {731DBD75-E5A4-4CC3-943B-C5C611534FCC}
		{1F93A403-D3F7-4587-9752-9DF685995B43} = {731DBD75-E5A4-4CC3-943B-C5C611534FCC}
		{2505ED7C-0031-4D25-8DD4-8366EE85FC67} = {731DBD75-E5A4-4CC3-943B-C5C611534FCC}
		{9674D0AC-80E2-4B37-AAAE-DF76B94F75CE} = {731DBD75-E5A4-4CC3-943B-C5C611534FCC}
		{83B22D81-C457-493F-A1FC-76D869D736ED} = {731DBD75-E5A4-4CC3-943B-C5C611534FCC}
		{673EF429-3785-41E8-9052-DE54CC4429DF} = {731DBD75-E5A4-4CC3-943B-C5C611534FCC}
		{3A7737FA-D3E3-4D58-9FED-8FCCF14A9E73} = {731DBD75-E5A4-4CC3-943B-C5C611534FCC}
		{7E299104-F044-47B8-82EA-C43298056B30} = {731DBD75-E5A4-4CC3-943B-C5C611534FCC}
	EndGlobalSection
	GlobalSection(ExtensibilityGlobals) = postSolution
		SolutionGuid = {20588712-8B3F-4D78-92BE-6A494588EB1F}
	EndGlobalSection
EndGlobal
